
Microsoft Visual Studio Solution File, Format Version 12.00
# Visual Studio Version 16
VisualStudioVersion = 16.0.31105.61
MinimumVisualStudioVersion = 10.0.40219.1
Project("{9A19103F-16F7-4668-BE54-9A1E7A4F7556}") = "mini_linkedIn", "mini_linkedIn.csproj", "{7927E2C0-FC0A-474A-8585-377016CF8301}"
EndProject
Global
	GlobalSection(SolutionConfigurationPlatforms) = preSolution
		Debug|Any CPU = Debug|Any CPU
		Release|Any CPU = Release|Any CPU
	EndGlobalSection
	GlobalSection(ProjectConfigurationPlatforms) = postSolution
		{7927E2C0-FC0A-474A-8585-377016CF8301}.Debug|Any CPU.ActiveCfg = Debug|Any CPU
		{7927E2C0-FC0A-474A-8585-377016CF8301}.Debug|Any CPU.Build.0 = Debug|Any CPU
		{7927E2C0-FC0A-474A-8585-377016CF8301}.Release|Any CPU.ActiveCfg = Release|Any CPU
		{7927E2C0-FC0A-474A-8585-377016CF8301}.Release|Any CPU.Build.0 = Release|Any CPU
	EndGlobalSection
	GlobalSection(SolutionProperties) = preSolution
		HideSolutionNode = FALSE
	EndGlobalSection
	GlobalSection(ExtensibilityGlobals) = postSolution
		SolutionGuid = {C69CB9CC-DC55-47FE-94C0-07028D563279}
	EndGlobalSection
EndGlobal
